
Microsoft Visual Studio Solution File, Format Version 12.00
# Visual Studio Version 17
VisualStudioVersion = 17.6.33723.286
MinimumVisualStudioVersion = 10.0.40219.1
Project("{FAE04EC0-301F-11D3-BF4B-00C04F79EFBC}") = "XtramileWeather.Domain", "XtramileWeather.Domain\XtramileWeather.Domain.csproj", "{3C55D574-54D5-4DFA-AE3E-99F17103FCD4}"
EndProject
Project("{FAE04EC0-301F-11D3-BF4B-00C04F79EFBC}") = "XtramileWeather.Application", "XtramileWeather.Application\XtramileWeather.Application.csproj", "{72BC4264-8670-4653-873D-842E9EB2C13B}"
EndProject
Project("{FAE04EC0-301F-11D3-BF4B-00C04F79EFBC}") = "XtramileWeather.Infrastructure", "XtramileWeather.Infrastructure\XtramileWeather.Infrastructure.csproj", "{04F11AC2-24B1-44EF-9886-9D97123B2EB7}"
EndProject
Project("{FAE04EC0-301F-11D3-BF4B-00C04F79EFBC}") = "XtramileWeather.Api", "XtramileWeather.Api\XtramileWeather.Api.csproj", "{D622BFD5-0FB9-4549-B167-355EFFE26491}"
EndProject
Project("{2150E333-8FDC-42A3-9474-1A3956D46DE8}") = "Solution Items", "Solution Items", "{8EC462FD-D22E-90A8-E5CE-7E832BA40C5D}"
	ProjectSection(SolutionItems) = preProject
		AI_INSTRUCTIONS.md = AI_INSTRUCTIONS.md
		README.md = README.md
	EndProjectSection
EndProject
Project("{2150E333-8FDC-42A3-9474-1A3956D46DE8}") = "frontend", "frontend", "{02EA681E-C7D8-13C7-8484-4AC65E1B71E8}"
EndProject
Project("{2150E333-8FDC-42A3-9474-1A3956D46DE8}") = "tests", "tests", "{422AFDBA-D166-42B0-A7BF-17644A0076B5}"
EndProject
Project("{FAE04EC0-301F-11D3-BF4B-00C04F79EFBC}") = "XtramileWeather.Application.Tests", "XtramileWeather.Application.Tests\XtramileWeather.Application.Tests.csproj", "{B40D4664-5D92-416A-80DA-4A3B41718EB7}"
EndProject
Global
	GlobalSection(SolutionConfigurationPlatforms) = preSolution
		Debug|Any CPU = Debug|Any CPU
		Release|Any CPU = Release|Any CPU
	EndGlobalSection
	GlobalSection(ProjectConfigurationPlatforms) = postSolution
		{3C55D574-54D5-4DFA-AE3E-99F17103FCD4}.Debug|Any CPU.ActiveCfg = Debug|Any CPU
		{3C55D574-54D5-4DFA-AE3E-99F17103FCD4}.Debug|Any CPU.Build.0 = Debug|Any CPU
		{3C55D574-54D5-4DFA-AE3E-99F17103FCD4}.Release|Any CPU.ActiveCfg = Release|Any CPU
		{3C55D574-54D5-4DFA-AE3E-99F17103FCD4}.Release|Any CPU.Build.0 = Release|Any CPU
		{72BC4264-8670-4653-873D-842E9EB2C13B}.Debug|Any CPU.ActiveCfg = Debug|Any CPU
		{72BC4264-8670-4653-873D-842E9EB2C13B}.Debug|Any CPU.Build.0 = Debug|Any CPU
		{72BC4264-8670-4653-873D-842E9EB2C13B}.Release|Any CPU.ActiveCfg = Release|Any CPU
		{72BC4264-8670-4653-873D-842E9EB2C13B}.Release|Any CPU.Build.0 = Release|Any CPU
		{04F11AC2-24B1-44EF-9886-9D97123B2EB7}.Debug|Any CPU.ActiveCfg = Debug|Any CPU
		{04F11AC2-24B1-44EF-9886-9D97123B2EB7}.Debug|Any CPU.Build.0 = Debug|Any CPU
		{04F11AC2-24B1-44EF-9886-9D97123B2EB7}.Release|Any CPU.ActiveCfg = Release|Any CPU
		{04F11AC2-24B1-44EF-9886-9D97123B2EB7}.Release|Any CPU.Build.0 = Release|Any CPU
		{D622BFD5-0FB9-4549-B167-355EFFE26491}.Debug|Any CPU.ActiveCfg = Debug|Any CPU
		{D622BFD5-0FB9-4549-B167-355EFFE26491}.Debug|Any CPU.Build.0 = Debug|Any CPU
		{D622BFD5-0FB9-4549-B167-355EFFE26491}.Release|Any CPU.ActiveCfg = Release|Any CPU
		{D622BFD5-0FB9-4549-B167-355EFFE26491}.Release|Any CPU.Build.0 = Release|Any CPU
		{B40D4664-5D92-416A-80DA-4A3B41718EB7}.Debug|Any CPU.ActiveCfg = Debug|Any CPU
		{B40D4664-5D92-416A-80DA-4A3B41718EB7}.Debug|Any CPU.Build.0 = Debug|Any CPU
		{B40D4664-5D92-416A-80DA-4A3B41718EB7}.Release|Any CPU.ActiveCfg = Release|Any CPU
		{B40D4664-5D92-416A-80DA-4A3B41718EB7}.Release|Any CPU.Build.0 = Release|Any CPU
	EndGlobalSection
	GlobalSection(SolutionProperties) = preSolution
		HideSolutionNode = FALSE
	EndGlobalSection
	GlobalSection(ExtensibilityGlobals) = postSolution
		SolutionGuid = {11D6EC2D-F910-4033-BC8D-5042120252E3}
	EndGlobalSection
EndGlobal
